{
  "name": "@bs-oak/mouse",
  "version": "0.1.0",
  "lockfileVersion": 1,
  "requires": true,
  "dependencies": {
    "@bs-oak/core": {
      "version": "0.1.10",
      "resolved": "https://registry.npmjs.org/@bs-oak/core/-/core-0.1.10.tgz",
      "integrity": "sha512-7fVX7jdYtRois+0Aglmvs9UyHHpMk6/BTXPCQ3ZBXGYqdT7D1zuQQeipCquheWBPVcBdGMRGD9YkmZkNy1v1uw==",
      "dev": true
    },
    "@bs-oak/json": {
      "version": "0.1.4",
      "resolved": "https://registry.npmjs.org/@bs-oak/json/-/json-0.1.4.tgz",
      "integrity": "sha512-ns0EwaV1hOc8Ti034dbPYZOj5t0dz0CJlvQprzOKwLhtBDMpTjhfBV8V2NgMJwwSmGJh2yaoOUQCabHeMye2oA=="
    },
    "bs-platform": {
      "version": "3.1.5",
      "resolved": "https://registry.npmjs.org/bs-platform/-/bs-platform-3.1.5.tgz",
      "integrity": "sha1-+zTuRwK8kWOEjVU3CWxPMeuu7UA=",
      "dev": true
    }
  }
}
